
Microsoft Visual Studio Solution File, Format Version 12.00
# Visual Studio 15
VisualStudioVersion = 15.0.27703.2035
MinimumVisualStudioVersion = 10.0.40219.1
Project("{FAE04EC0-301F-11D3-BF4B-00C04F79EFBC}") = "Contar Dias Vividos", "Contar Dias Vividos\Contar Dias Vividos.csproj", "{875A10C3-B5C3-46D1-91FA-A87CE9875B1D}"
EndProject
Global
	GlobalSection(SolutionConfigurationPlatforms) = preSolution
		Debug|Any CPU = Debug|Any CPU
		Release|Any CPU = Release|Any CPU
	EndGlobalSection
	GlobalSection(ProjectConfigurationPlatforms) = postSolution
		{875A10C3-B5C3-46D1-91FA-A87CE9875B1D}.Debug|Any CPU.ActiveCfg = Debug|Any CPU
		{875A10C3-B5C3-46D1-91FA-A87CE9875B1D}.Debug|Any CPU.Build.0 = Debug|Any CPU
		{875A10C3-B5C3-46D1-91FA-A87CE9875B1D}.Release|Any CPU.ActiveCfg = Release|Any CPU
		{875A10C3-B5C3-46D1-91FA-A87CE9875B1D}.Release|Any CPU.Build.0 = Release|Any CPU
	EndGlobalSection
	GlobalSection(SolutionProperties) = preSolution
		HideSolutionNode = FALSE
	EndGlobalSection
	GlobalSection(ExtensibilityGlobals) = postSolution
		SolutionGuid = {C6A4B8A8-404D-4F09-A4C6-1F56C7BEDEB5}
	EndGlobalSection
EndGlobal
